
Microsoft Visual Studio Solution File, Format Version 12.00
# Visual Studio 14
VisualStudioVersion = 14.0.25420.1
MinimumVisualStudioVersion = 10.0.40219.1
Project("{FAE04EC0-301F-11D3-BF4B-00C04F79EFBC}") = "Chef and Remisness", "Chef and Remisness\Chef and Remisness.csproj", "{D5629586-803C-4F74-B93D-D2D93AA446A0}"
EndProject
Global
	GlobalSection(SolutionConfigurationPlatforms) = preSolution
		Debug|Any CPU = Debug|Any CPU
		Release|Any CPU = Release|Any CPU
	EndGlobalSection
	GlobalSection(ProjectConfigurationPlatforms) = postSolution
		{D5629586-803C-4F74-B93D-D2D93AA446A0}.Debug|Any CPU.ActiveCfg = Debug|Any CPU
		{D5629586-803C-4F74-B93D-D2D93AA446A0}.Debug|Any CPU.Build.0 = Debug|Any CPU
		{D5629586-803C-4F74-B93D-D2D93AA446A0}.Release|Any CPU.ActiveCfg = Release|Any CPU
		{D5629586-803C-4F74-B93D-D2D93AA446A0}.Release|Any CPU.Build.0 = Release|Any CPU
	EndGlobalSection
	GlobalSection(SolutionProperties) = preSolution
		HideSolutionNode = FALSE
	EndGlobalSection
EndGlobal
